
Microsoft Visual Studio Solution File, Format Version 12.00
# Visual Studio Version 17
VisualStudioVersion = 17.13.35828.75
MinimumVisualStudioVersion = 10.0.40219.1
Project("{8BC9CEB8-8B4A-11D0-8D11-00A0C91BC942}") = "createsystem", "createsystem\createsystem.vcxproj", "{A15BA065-31C3-4DA2-9F0D-F49B66BF7903}"
EndProject
Project("{8BC9CEB8-8B4A-11D0-8D11-00A0C91BC942}") = "Base", "Base\Base.vcxproj", "{6115CF39-5553-477B-9640-B4C15109CDF7}"
EndProject
Project("{8BC9CEB8-8B4A-11D0-8D11-00A0C91BC942}") = "validtion_layer", "validtion_layer\validtion_layer.vcxproj", "{5070A178-75E2-4BE1-A728-581C4764ABA9}"
EndProject
Project("{8BC9CEB8-8B4A-11D0-8D11-00A0C91BC942}") = "create_device", "create_device\create_device.vcxproj", "{40DB0D79-0380-496C-AA33-7E24023ED3D5}"
EndProject
Project("{8BC9CEB8-8B4A-11D0-8D11-00A0C91BC942}") = "create_logicald_device", "create_logicald_device\create_logicald_device.vcxproj", "{95DD0E6F-C4E2-405E-A320-C696E264FC1D}"
EndProject
Project("{8BC9CEB8-8B4A-11D0-8D11-00A0C91BC942}") = "window_KHR_surface", "window_KHR_surface\window_KHR_surface.vcxproj", "{A4FB21DC-7778-440A-89FC-687FED8A800A}"
EndProject
Project("{8BC9CEB8-8B4A-11D0-8D11-00A0C91BC942}") = "swapchain", "swapchain\swapchain.vcxproj", "{465C14AF-D594-4432-A482-DDA18BF07895}"
EndProject
Project("{8BC9CEB8-8B4A-11D0-8D11-00A0C91BC942}") = "imageviews", "imageviews\imageviews.vcxproj", "{D5ECC004-AB12-4D02-BFF9-C8739D8CE297}"
EndProject
Project("{8BC9CEB8-8B4A-11D0-8D11-00A0C91BC942}") = "graphics_pipeline", "graphics_pipeline\graphics_pipeline.vcxproj", "{DA90C638-A053-49AC-8AFD-1D17769C024A}"
EndProject
Project("{8BC9CEB8-8B4A-11D0-8D11-00A0C91BC942}") = "fix_function", "fix_function\fix_function.vcxproj", "{E1BF8950-14EF-4D75-AD15-537B07A24C9A}"
EndProject
Project("{8BC9CEB8-8B4A-11D0-8D11-00A0C91BC942}") = "renderpass", "renderpass\renderpass.vcxproj", "{E635B1BB-704E-45F3-8A6C-13AA3444059A}"
EndProject
Project("{8BC9CEB8-8B4A-11D0-8D11-00A0C91BC942}") = "graphicspipeline_complete", "graphicspipeline_complete\graphicspipeline_complete.vcxproj", "{65E1726A-BA2E-4E85-A235-462F336582DE}"
EndProject
Project("{8BC9CEB8-8B4A-11D0-8D11-00A0C91BC942}") = "framebuffer", "framebuffer\framebuffer.vcxproj", "{F6F6765C-7C47-44EF-B22A-936994407BE1}"
EndProject
Project("{8BC9CEB8-8B4A-11D0-8D11-00A0C91BC942}") = "commandbuffer", "commandbuffer\commandbuffer.vcxproj", "{FEDEFD04-7C0E-471E-B97D-A93183E84161}"
EndProject
Project("{8BC9CEB8-8B4A-11D0-8D11-00A0C91BC942}") = "Present", "Present\Present.vcxproj", "{404F9107-CAC7-4668-B755-65A63074586D}"
EndProject
Project("{8BC9CEB8-8B4A-11D0-8D11-00A0C91BC942}") = "frames", "frames\frames.vcxproj", "{99607FAE-993A-4A45-B3CD-CCF53B3AB70B}"
EndProject
Project("{8BC9CEB8-8B4A-11D0-8D11-00A0C91BC942}") = "swapchain_recreation", "swapchain_recreation\swapchain_recreation.vcxproj", "{A2BEDE5C-D72C-415A-B120-4A69C8751625}"
EndProject
Project("{8BC9CEB8-8B4A-11D0-8D11-00A0C91BC942}") = "vertex_input", "vertex_input\vertex_input.vcxproj", "{3D6C4DEB-98D9-4494-995C-AF4E06AA2080}"
EndProject
Project("{8BC9CEB8-8B4A-11D0-8D11-00A0C91BC942}") = "vertex_buffer", "vertex_buffer\vertex_buffer.vcxproj", "{6FFC0251-AA73-49C5-A0DF-CA0C38D36735}"
EndProject
Project("{8BC9CEB8-8B4A-11D0-8D11-00A0C91BC942}") = "staging_buffer", "staging_buffer\staging_buffer.vcxproj", "{A08CB629-E44C-4ADE-8907-1308EBCBECCA}"
EndProject
Project("{8BC9CEB8-8B4A-11D0-8D11-00A0C91BC942}") = "index_buffer", "index_buffer\index_buffer.vcxproj", "{F61008B4-C52C-4510-8704-B58D17ECA9D7}"
EndProject
Project("{8BC9CEB8-8B4A-11D0-8D11-00A0C91BC942}") = "descriptor_layout", "descriptor_layout\descriptor_layout.vcxproj", "{0CBC8631-CECD-45A2-9617-2238F882EC15}"
EndProject
Project("{8BC9CEB8-8B4A-11D0-8D11-00A0C91BC942}") = "descriptor_sets", "descriptor_sets\descriptor_sets.vcxproj", "{A05CDEED-B3A7-475B-9701-8DF71E9F9039}"
EndProject
Project("{8BC9CEB8-8B4A-11D0-8D11-00A0C91BC942}") = "texture_image", "texture_image\texture_image.vcxproj", "{3FD7AEA4-D003-47DC-9998-364B0C0B91F1}"
EndProject
Global
	GlobalSection(SolutionConfigurationPlatforms) = preSolution
		Debug|x64 = Debug|x64
		Debug|x86 = Debug|x86
		Release|x64 = Release|x64
		Release|x86 = Release|x86
	EndGlobalSection
	GlobalSection(ProjectConfigurationPlatforms) = postSolution
		{A15BA065-31C3-4DA2-9F0D-F49B66BF7903}.Debug|x64.ActiveCfg = Debug|x64
		{A15BA065-31C3-4DA2-9F0D-F49B66BF7903}.Debug|x64.Build.0 = Debug|x64
		{A15BA065-31C3-4DA2-9F0D-F49B66BF7903}.Debug|x86.ActiveCfg = Debug|Win32
		{A15BA065-31C3-4DA2-9F0D-F49B66BF7903}.Debug|x86.Build.0 = Debug|Win32
		{A15BA065-31C3-4DA2-9F0D-F49B66BF7903}.Release|x64.ActiveCfg = Release|x64
		{A15BA065-31C3-4DA2-9F0D-F49B66BF7903}.Release|x64.Build.0 = Release|x64
		{A15BA065-31C3-4DA2-9F0D-F49B66BF7903}.Release|x86.ActiveCfg = Release|Win32
		{A15BA065-31C3-4DA2-9F0D-F49B66BF7903}.Release|x86.Build.0 = Release|Win32
		{6115CF39-5553-477B-9640-B4C15109CDF7}.Debug|x64.ActiveCfg = Debug|x64
		{6115CF39-5553-477B-9640-B4C15109CDF7}.Debug|x64.Build.0 = Debug|x64
		{6115CF39-5553-477B-9640-B4C15109CDF7}.Debug|x86.ActiveCfg = Debug|Win32
		{6115CF39-5553-477B-9640-B4C15109CDF7}.Debug|x86.Build.0 = Debug|Win32
		{6115CF39-5553-477B-9640-B4C15109CDF7}.Release|x64.ActiveCfg = Release|x64
		{6115CF39-5553-477B-9640-B4C15109CDF7}.Release|x64.Build.0 = Release|x64
		{6115CF39-5553-477B-9640-B4C15109CDF7}.Release|x86.ActiveCfg = Release|Win32
		{6115CF39-5553-477B-9640-B4C15109CDF7}.Release|x86.Build.0 = Release|Win32
		{5070A178-75E2-4BE1-A728-581C4764ABA9}.Debug|x64.ActiveCfg = Debug|x64
		{5070A178-75E2-4BE1-A728-581C4764ABA9}.Debug|x64.Build.0 = Debug|x64
		{5070A178-75E2-4BE1-A728-581C4764ABA9}.Debug|x86.ActiveCfg = Debug|Win32
		{5070A178-75E2-4BE1-A728-581C4764ABA9}.Debug|x86.Build.0 = Debug|Win32
		{5070A178-75E2-4BE1-A728-581C4764ABA9}.Release|x64.ActiveCfg = Release|x64
		{5070A178-75E2-4BE1-A728-581C4764ABA9}.Release|x64.Build.0 = Release|x64
		{5070A178-75E2-4BE1-A728-581C4764ABA9}.Release|x86.ActiveCfg = Release|Win32
		{5070A178-75E2-4BE1-A728-581C4764ABA9}.Release|x86.Build.0 = Release|Win32
		{40DB0D79-0380-496C-AA33-7E24023ED3D5}.Debug|x64.ActiveCfg = Debug|x64
		{40DB0D79-0380-496C-AA33-7E24023ED3D5}.Debug|x64.Build.0 = Debug|x64
		{40DB0D79-0380-496C-AA33-7E24023ED3D5}.Debug|x86.ActiveCfg = Debug|Win32
		{40DB0D79-0380-496C-AA33-7E24023ED3D5}.Debug|x86.Build.0 = Debug|Win32
		{40DB0D79-0380-496C-AA33-7E24023ED3D5}.Release|x64.ActiveCfg = Release|x64
		{40DB0D79-0380-496C-AA33-7E24023ED3D5}.Release|x64.Build.0 = Release|x64
		{40DB0D79-0380-496C-AA33-7E24023ED3D5}.Release|x86.ActiveCfg = Release|Win32
		{40DB0D79-0380-496C-AA33-7E24023ED3D5}.Release|x86.Build.0 = Release|Win32
		{95DD0E6F-C4E2-405E-A320-C696E264FC1D}.Debug|x64.ActiveCfg = Debug|x64
		{95DD0E6F-C4E2-405E-A320-C696E264FC1D}.Debug|x64.Build.0 = Debug|x64
		{95DD0E6F-C4E2-405E-A320-C696E264FC1D}.Debug|x86.ActiveCfg = Debug|Win32
		{95DD0E6F-C4E2-405E-A320-C696E264FC1D}.Debug|x86.Build.0 = Debug|Win32
		{95DD0E6F-C4E2-405E-A320-C696E264FC1D}.Release|x64.ActiveCfg = Release|x64
		{95DD0E6F-C4E2-405E-A320-C696E264FC1D}.Release|x64.Build.0 = Release|x64
		{95DD0E6F-C4E2-405E-A320-C696E264FC1D}.Release|x86.ActiveCfg = Release|Win32
		{95DD0E6F-C4E2-405E-A320-C696E264FC1D}.Release|x86.Build.0 = Release|Win32
		{A4FB21DC-7778-440A-89FC-687FED8A800A}.Debug|x64.ActiveCfg = Debug|x64
		{A4FB21DC-7778-440A-89FC-687FED8A800A}.Debug|x64.Build.0 = Debug|x64
		{A4FB21DC-7778-440A-89FC-687FED8A800A}.Debug|x86.ActiveCfg = Debug|Win32
		{A4FB21DC-7778-440A-89FC-687FED8A800A}.Debug|x86.Build.0 = Debug|Win32
		{A4FB21DC-7778-440A-89FC-687FED8A800A}.Release|x64.ActiveCfg = Release|x64
		{A4FB21DC-7778-440A-89FC-687FED8A800A}.Release|x64.Build.0 = Release|x64
		{A4FB21DC-7778-440A-89FC-687FED8A800A}.Release|x86.ActiveCfg = Release|Win32
		{A4FB21DC-7778-440A-89FC-687FED8A800A}.Release|x86.Build.0 = Release|Win32
		{465C14AF-D594-4432-A482-DDA18BF07895}.Debug|x64.ActiveCfg = Debug|x64
		{465C14AF-D594-4432-A482-DDA18BF07895}.Debug|x64.Build.0 = Debug|x64
		{465C14AF-D594-4432-A482-DDA18BF07895}.Debug|x86.ActiveCfg = Debug|Win32
		{465C14AF-D594-4432-A482-DDA18BF07895}.Debug|x86.Build.0 = Debug|Win32
		{465C14AF-D594-4432-A482-DDA18BF07895}.Release|x64.ActiveCfg = Release|x64
		{465C14AF-D594-4432-A482-DDA18BF07895}.Release|x64.Build.0 = Release|x64
		{465C14AF-D594-4432-A482-DDA18BF07895}.Release|x86.ActiveCfg = Release|Win32
		{465C14AF-D594-4432-A482-DDA18BF07895}.Release|x86.Build.0 = Release|Win32
		{D5ECC004-AB12-4D02-BFF9-C8739D8CE297}.Debug|x64.ActiveCfg = Debug|x64
		{D5ECC004-AB12-4D02-BFF9-C8739D8CE297}.Debug|x64.Build.0 = Debug|x64
		{D5ECC004-AB12-4D02-BFF9-C8739D8CE297}.Debug|x86.ActiveCfg = Debug|Win32
		{D5ECC004-AB12-4D02-BFF9-C8739D8CE297}.Debug|x86.Build.0 = Debug|Win32
		{D5ECC004-AB12-4D02-BFF9-C8739D8CE297}.Release|x64.ActiveCfg = Release|x64
		{D5ECC004-AB12-4D02-BFF9-C8739D8CE297}.Release|x64.Build.0 = Release|x64
		{D5ECC004-AB12-4D02-BFF9-C8739D8CE297}.Release|x86.ActiveCfg = Release|Win32
		{D5ECC004-AB12-4D02-BFF9-C8739D8CE297}.Release|x86.Build.0 = Release|Win32
		{DA90C638-A053-49AC-8AFD-1D17769C024A}.Debug|x64.ActiveCfg = Debug|x64
		{DA90C638-A053-49AC-8AFD-1D17769C024A}.Debug|x64.Build.0 = Debug|x64
		{DA90C638-A053-49AC-8AFD-1D17769C024A}.Debug|x86.ActiveCfg = Debug|Win32
		{DA90C638-A053-49AC-8AFD-1D17769C024A}.Debug|x86.Build.0 = Debug|Win32
		{DA90C638-A053-49AC-8AFD-1D17769C024A}.Release|x64.ActiveCfg = Release|x64
		{DA90C638-A053-49AC-8AFD-1D17769C024A}.Release|x64.Build.0 = Release|x64
		{DA90C638-A053-49AC-8AFD-1D17769C024A}.Release|x86.ActiveCfg = Release|Win32
		{DA90C638-A053-49AC-8AFD-1D17769C024A}.Release|x86.Build.0 = Release|Win32
		{E1BF8950-14EF-4D75-AD15-537B07A24C9A}.Debug|x64.ActiveCfg = Debug|x64
		{E1BF8950-14EF-4D75-AD15-537B07A24C9A}.Debug|x64.Build.0 = Debug|x64
		{E1BF8950-14EF-4D75-AD15-537B07A24C9A}.Debug|x86.ActiveCfg = Debug|Win32
		{E1BF8950-14EF-4D75-AD15-537B07A24C9A}.Debug|x86.Build.0 = Debug|Win32
		{E1BF8950-14EF-4D75-AD15-537B07A24C9A}.Release|x64.ActiveCfg = Release|x64
		{E1BF8950-14EF-4D75-AD15-537B07A24C9A}.Release|x64.Build.0 = Release|x64
		{E1BF8950-14EF-4D75-AD15-537B07A24C9A}.Release|x86.ActiveCfg = Release|Win32
		{E1BF8950-14EF-4D75-AD15-537B07A24C9A}.Release|x86.Build.0 = Release|Win32
		{E635B1BB-704E-45F3-8A6C-13AA3444059A}.Debug|x64.ActiveCfg = Debug|x64
		{E635B1BB-704E-45F3-8A6C-13AA3444059A}.Debug|x64.Build.0 = Debug|x64
		{E635B1BB-704E-45F3-8A6C-13AA3444059A}.Debug|x86.ActiveCfg = Debug|Win32
		{E635B1BB-704E-45F3-8A6C-13AA3444059A}.Debug|x86.Build.0 = Debug|Win32
		{E635B1BB-704E-45F3-8A6C-13AA3444059A}.Release|x64.ActiveCfg = Release|x64
		{E635B1BB-704E-45F3-8A6C-13AA3444059A}.Release|x64.Build.0 = Release|x64
		{E635B1BB-704E-45F3-8A6C-13AA3444059A}.Release|x86.ActiveCfg = Release|Win32
		{E635B1BB-704E-45F3-8A6C-13AA3444059A}.Release|x86.Build.0 = Release|Win32
		{65E1726A-BA2E-4E85-A235-462F336582DE}.Debug|x64.ActiveCfg = Debug|x64
		{65E1726A-BA2E-4E85-A235-462F336582DE}.Debug|x64.Build.0 = Debug|x64
		{65E1726A-BA2E-4E85-A235-462F336582DE}.Debug|x86.ActiveCfg = Debug|Win32
		{65E1726A-BA2E-4E85-A235-462F336582DE}.Debug|x86.Build.0 = Debug|Win32
		{65E1726A-BA2E-4E85-A235-462F336582DE}.Release|x64.ActiveCfg = Release|x64
		{65E1726A-BA2E-4E85-A235-462F336582DE}.Release|x64.Build.0 = Release|x64
		{65E1726A-BA2E-4E85-A235-462F336582DE}.Release|x86.ActiveCfg = Release|Win32
		{65E1726A-BA2E-4E85-A235-462F336582DE}.Release|x86.Build.0 = Release|Win32
		{F6F6765C-7C47-44EF-B22A-936994407BE1}.Debug|x64.ActiveCfg = Debug|x64
		{F6F6765C-7C47-44EF-B22A-936994407BE1}.Debug|x64.Build.0 = Debug|x64
		{F6F6765C-7C47-44EF-B22A-936994407BE1}.Debug|x86.ActiveCfg = Debug|Win32
		{F6F6765C-7C47-44EF-B22A-936994407BE1}.Debug|x86.Build.0 = Debug|Win32
		{F6F6765C-7C47-44EF-B22A-936994407BE1}.Release|x64.ActiveCfg = Release|x64
		{F6F6765C-7C47-44EF-B22A-936994407BE1}.Release|x64.Build.0 = Release|x64
		{F6F6765C-7C47-44EF-B22A-936994407BE1}.Release|x86.ActiveCfg = Release|Win32
		{F6F6765C-7C47-44EF-B22A-936994407BE1}.Release|x86.Build.0 = Release|Win32
		{FEDEFD04-7C0E-471E-B97D-A93183E84161}.Debug|x64.ActiveCfg = Debug|x64
		{FEDEFD04-7C0E-471E-B97D-A93183E84161}.Debug|x64.Build.0 = Debug|x64
		{FEDEFD04-7C0E-471E-B97D-A93183E84161}.Debug|x86.ActiveCfg = Debug|Win32
		{FEDEFD04-7C0E-471E-B97D-A93183E84161}.Debug|x86.Build.0 = Debug|Win32
		{FEDEFD04-7C0E-471E-B97D-A93183E84161}.Release|x64.ActiveCfg = Release|x64
		{FEDEFD04-7C0E-471E-B97D-A93183E84161}.Release|x64.Build.0 = Release|x64
		{FEDEFD04-7C0E-471E-B97D-A93183E84161}.Release|x86.ActiveCfg = Release|Win32
		{FEDEFD04-7C0E-471E-B97D-A93183E84161}.Release|x86.Build.0 = Release|Win32
		{404F9107-CAC7-4668-B755-65A63074586D}.Debug|x64.ActiveCfg = Debug|x64
		{404F9107-CAC7-4668-B755-65A63074586D}.Debug|x64.Build.0 = Debug|x64
		{404F9107-CAC7-4668-B755-65A63074586D}.Debug|x86.ActiveCfg = Debug|Win32
		{404F9107-CAC7-4668-B755-65A63074586D}.Debug|x86.Build.0 = Debug|Win32
		{404F9107-CAC7-4668-B755-65A63074586D}.Release|x64.ActiveCfg = Release|x64
		{404F9107-CAC7-4668-B755-65A63074586D}.Release|x64.Build.0 = Release|x64
		{404F9107-CAC7-4668-B755-65A63074586D}.Release|x86.ActiveCfg = Release|Win32
		{404F9107-CAC7-4668-B755-65A63074586D}.Release|x86.Build.0 = Release|Win32
		{99607FAE-993A-4A45-B3CD-CCF53B3AB70B}.Debug|x64.ActiveCfg = Debug|x64
		{99607FAE-993A-4A45-B3CD-CCF53B3AB70B}.Debug|x64.Build.0 = Debug|x64
		{99607FAE-993A-4A45-B3CD-CCF53B3AB70B}.Debug|x86.ActiveCfg = Debug|Win32
		{99607FAE-993A-4A45-B3CD-CCF53B3AB70B}.Debug|x86.Build.0 = Debug|Win32
		{99607FAE-993A-4A45-B3CD-CCF53B3AB70B}.Release|x64.ActiveCfg = Release|x64
		{99607FAE-993A-4A45-B3CD-CCF53B3AB70B}.Release|x64.Build.0 = Release|x64
		{99607FAE-993A-4A45-B3CD-CCF53B3AB70B}.Release|x86.ActiveCfg = Release|Win32
		{99607FAE-993A-4A45-B3CD-CCF53B3AB70B}.Release|x86.Build.0 = Release|Win32
		{A2BEDE5C-D72C-415A-B120-4A69C8751625}.Debug|x64.ActiveCfg = Debug|x64
		{A2BEDE5C-D72C-415A-B120-4A69C8751625}.Debug|x64.Build.0 = Debug|x64
		{A2BEDE5C-D72C-415A-B120-4A69C8751625}.Debug|x86.ActiveCfg = Debug|Win32
		{A2BEDE5C-D72C-415A-B120-4A69C8751625}.Debug|x86.Build.0 = Debug|Win32
		{A2BEDE5C-D72C-415A-B120-4A69C8751625}.Release|x64.ActiveCfg = Release|x64
		{A2BEDE5C-D72C-415A-B120-4A69C8751625}.Release|x64.Build.0 = Release|x64
		{A2BEDE5C-D72C-415A-B120-4A69C8751625}.Release|x86.ActiveCfg = Release|Win32
		{A2BEDE5C-D72C-415A-B120-4A69C8751625}.Release|x86.Build.0 = Release|Win32
		{3D6C4DEB-98D9-4494-995C-AF4E06AA2080}.Debug|x64.ActiveCfg = Debug|x64
		{3D6C4DEB-98D9-4494-995C-AF4E06AA2080}.Debug|x64.Build.0 = Debug|x64
		{3D6C4DEB-98D9-4494-995C-AF4E06AA2080}.Debug|x86.ActiveCfg = Debug|Win32
		{3D6C4DEB-98D9-4494-995C-AF4E06AA2080}.Debug|x86.Build.0 = Debug|Win32
		{3D6C4DEB-98D9-4494-995C-AF4E06AA2080}.Release|x64.ActiveCfg = Release|x64
		{3D6C4DEB-98D9-4494-995C-AF4E06AA2080}.Release|x64.Build.0 = Release|x64
		{3D6C4DEB-98D9-4494-995C-AF4E06AA2080}.Release|x86.ActiveCfg = Release|Win32
		{3D6C4DEB-98D9-4494-995C-AF4E06AA2080}.Release|x86.Build.0 = Release|Win32
		{6FFC0251-AA73-49C5-A0DF-CA0C38D36735}.Debug|x64.ActiveCfg = Debug|x64
		{6FFC0251-AA73-49C5-A0DF-CA0C38D36735}.Debug|x64.Build.0 = Debug|x64
		{6FFC0251-AA73-49C5-A0DF-CA0C38D36735}.Debug|x86.ActiveCfg = Debug|Win32
		{6FFC0251-AA73-49C5-A0DF-CA0C38D36735}.Debug|x86.Build.0 = Debug|Win32
		{6FFC0251-AA73-49C5-A0DF-CA0C38D36735}.Release|x64.ActiveCfg = Release|x64
		{6FFC0251-AA73-49C5-A0DF-CA0C38D36735}.Release|x64.Build.0 = Release|x64
		{6FFC0251-AA73-49C5-A0DF-CA0C38D36735}.Release|x86.ActiveCfg = Release|Win32
		{6FFC0251-AA73-49C5-A0DF-CA0C38D36735}.Release|x86.Build.0 = Release|Win32
		{A08CB629-E44C-4ADE-8907-1308EBCBECCA}.Debug|x64.ActiveCfg = Debug|x64
		{A08CB629-E44C-4ADE-8907-1308EBCBECCA}.Debug|x64.Build.0 = Debug|x64
		{A08CB629-E44C-4ADE-8907-1308EBCBECCA}.Debug|x86.ActiveCfg = Debug|Win32
		{A08CB629-E44C-4ADE-8907-1308EBCBECCA}.Debug|x86.Build.0 = Debug|Win32
		{A08CB629-E44C-4ADE-8907-1308EBCBECCA}.Release|x64.ActiveCfg = Release|x64
		{A08CB629-E44C-4ADE-8907-1308EBCBECCA}.Release|x64.Build.0 = Release|x64
		{A08CB629-E44C-4ADE-8907-1308EBCBECCA}.Release|x86.ActiveCfg = Release|Win32
		{A08CB629-E44C-4ADE-8907-1308EBCBECCA}.Release|x86.Build.0 = Release|Win32
		{F61008B4-C52C-4510-8704-B58D17ECA9D7}.Debug|x64.ActiveCfg = Debug|x64
		{F61008B4-C52C-4510-8704-B58D17ECA9D7}.Debug|x64.Build.0 = Debug|x64
		{F61008B4-C52C-4510-8704-B58D17ECA9D7}.Debug|x86.ActiveCfg = Debug|Win32
		{F61008B4-C52C-4510-8704-B58D17ECA9D7}.Debug|x86.Build.0 = Debug|Win32
		{F61008B4-C52C-4510-8704-B58D17ECA9D7}.Release|x64.ActiveCfg = Release|x64
		{F61008B4-C52C-4510-8704-B58D17ECA9D7}.Release|x64.Build.0 = Release|x64
		{F61008B4-C52C-4510-8704-B58D17ECA9D7}.Release|x86.ActiveCfg = Release|Win32
		{F61008B4-C52C-4510-8704-B58D17ECA9D7}.Release|x86.Build.0 = Release|Win32
		{0CBC8631-CECD-45A2-9617-2238F882EC15}.Debug|x64.ActiveCfg = Debug|x64
		{0CBC8631-CECD-45A2-9617-2238F882EC15}.Debug|x64.Build.0 = Debug|x64
		{0CBC8631-CECD-45A2-9617-2238F882EC15}.Debug|x86.ActiveCfg = Debug|Win32
		{0CBC8631-CECD-45A2-9617-2238F882EC15}.Debug|x86.Build.0 = Debug|Win32
		{0CBC8631-CECD-45A2-9617-2238F882EC15}.Release|x64.ActiveCfg = Release|x64
		{0CBC8631-CECD-45A2-9617-2238F882EC15}.Release|x64.Build.0 = Release|x64
		{0CBC8631-CECD-45A2-9617-2238F882EC15}.Release|x86.ActiveCfg = Release|Win32
		{0CBC8631-CECD-45A2-9617-2238F882EC15}.Release|x86.Build.0 = Release|Win32
		{A05CDEED-B3A7-475B-9701-8DF71E9F9039}.Debug|x64.ActiveCfg = Debug|x64
		{A05CDEED-B3A7-475B-9701-8DF71E9F9039}.Debug|x64.Build.0 = Debug|x64
		{A05CDEED-B3A7-475B-9701-8DF71E9F9039}.Debug|x86.ActiveCfg = Debug|Win32
		{A05CDEED-B3A7-475B-9701-8DF71E9F9039}.Debug|x86.Build.0 = Debug|Win32
		{A05CDEED-B3A7-475B-9701-8DF71E9F9039}.Release|x64.ActiveCfg = Release|x64
		{A05CDEED-B3A7-475B-9701-8DF71E9F9039}.Release|x64.Build.0 = Release|x64
		{A05CDEED-B3A7-475B-9701-8DF71E9F9039}.Release|x86.ActiveCfg = Release|Win32
		{A05CDEED-B3A7-475B-9701-8DF71E9F9039}.Release|x86.Build.0 = Release|Win32
		{3FD7AEA4-D003-47DC-9998-364B0C0B91F1}.Debug|x64.ActiveCfg = Debug|x64
		{3FD7AEA4-D003-47DC-9998-364B0C0B91F1}.Debug|x64.Build.0 = Debug|x64
		{3FD7AEA4-D003-47DC-9998-364B0C0B91F1}.Debug|x86.ActiveCfg = Debug|Win32
		{3FD7AEA4-D003-47DC-9998-364B0C0B91F1}.Debug|x86.Build.0 = Debug|Win32
		{3FD7AEA4-D003-47DC-9998-364B0C0B91F1}.Release|x64.ActiveCfg = Release|x64
		{3FD7AEA4-D003-47DC-9998-364B0C0B91F1}.Release|x64.Build.0 = Release|x64
		{3FD7AEA4-D003-47DC-9998-364B0C0B91F1}.Release|x86.ActiveCfg = Release|Win32
		{3FD7AEA4-D003-47DC-9998-364B0C0B91F1}.Release|x86.Build.0 = Release|Win32
	EndGlobalSection
	GlobalSection(SolutionProperties) = preSolution
		HideSolutionNode = FALSE
	EndGlobalSection
	GlobalSection(ExtensibilityGlobals) = postSolution
		SolutionGuid = {084C6DD5-647E-4E4B-843B-E3AA16E55598}
	EndGlobalSection
EndGlobal
