
Microsoft Visual Studio Solution File, Format Version 12.00
# Visual Studio Version 17
VisualStudioVersion = 17.13.35828.75
MinimumVisualStudioVersion = 10.0.40219.1
Project("{8BC9CEB8-8B4A-11D0-8D11-00A0C91BC942}") = "createsystem", "createsystem\createsystem.vcxproj", "{A15BA065-31C3-4DA2-9F0D-F49B66BF7903}"
EndProject
Project("{8BC9CEB8-8B4A-11D0-8D11-00A0C91BC942}") = "Base", "Base\Base.vcxproj", "{6115CF39-5553-477B-9640-B4C15109CDF7}"
EndProject
Project("{8BC9CEB8-8B4A-11D0-8D11-00A0C91BC942}") = "validtion_layer", "validtion_layer\validtion_layer.vcxproj", "{5070A178-75E2-4BE1-A728-581C4764ABA9}"
EndProject
Project("{8BC9CEB8-8B4A-11D0-8D11-00A0C91BC942}") = "create_device", "create_device\create_device.vcxproj", "{40DB0D79-0380-496C-AA33-7E24023ED3D5}"
EndProject
Project("{8BC9CEB8-8B4A-11D0-8D11-00A0C91BC942}") = "create_logicald_device", "create_logicald_device\create_logicald_device.vcxproj", "{95DD0E6F-C4E2-405E-A320-C696E264FC1D}"
EndProject
Project("{8BC9CEB8-8B4A-11D0-8D11-00A0C91BC942}") = "window_KHR_surface", "window_KHR_surface\window_KHR_surface.vcxproj", "{A4FB21DC-7778-440A-89FC-687FED8A800A}"
EndProject
Project("{8BC9CEB8-8B4A-11D0-8D11-00A0C91BC942}") = "swapchain", "swapchain\swapchain.vcxproj", "{465C14AF-D594-4432-A482-DDA18BF07895}"
EndProject
Project("{8BC9CEB8-8B4A-11D0-8D11-00A0C91BC942}") = "imageviews", "imageviews\imageviews.vcxproj", "{D5ECC004-AB12-4D02-BFF9-C8739D8CE297}"
EndProject
Global
	GlobalSection(SolutionConfigurationPlatforms) = preSolution
		Debug|x64 = Debug|x64
		Debug|x86 = Debug|x86
		Release|x64 = Release|x64
		Release|x86 = Release|x86
	EndGlobalSection
	GlobalSection(ProjectConfigurationPlatforms) = postSolution
		{A15BA065-31C3-4DA2-9F0D-F49B66BF7903}.Debug|x64.ActiveCfg = Debug|x64
		{A15BA065-31C3-4DA2-9F0D-F49B66BF7903}.Debug|x64.Build.0 = Debug|x64
		{A15BA065-31C3-4DA2-9F0D-F49B66BF7903}.Debug|x86.ActiveCfg = Debug|Win32
		{A15BA065-31C3-4DA2-9F0D-F49B66BF7903}.Debug|x86.Build.0 = Debug|Win32
		{A15BA065-31C3-4DA2-9F0D-F49B66BF7903}.Release|x64.ActiveCfg = Release|x64
		{A15BA065-31C3-4DA2-9F0D-F49B66BF7903}.Release|x64.Build.0 = Release|x64
		{A15BA065-31C3-4DA2-9F0D-F49B66BF7903}.Release|x86.ActiveCfg = Release|Win32
		{A15BA065-31C3-4DA2-9F0D-F49B66BF7903}.Release|x86.Build.0 = Release|Win32
		{6115CF39-5553-477B-9640-B4C15109CDF7}.Debug|x64.ActiveCfg = Debug|x64
		{6115CF39-5553-477B-9640-B4C15109CDF7}.Debug|x64.Build.0 = Debug|x64
		{6115CF39-5553-477B-9640-B4C15109CDF7}.Debug|x86.ActiveCfg = Debug|Win32
		{6115CF39-5553-477B-9640-B4C15109CDF7}.Debug|x86.Build.0 = Debug|Win32
		{6115CF39-5553-477B-9640-B4C15109CDF7}.Release|x64.ActiveCfg = Release|x64
		{6115CF39-5553-477B-9640-B4C15109CDF7}.Release|x64.Build.0 = Release|x64
		{6115CF39-5553-477B-9640-B4C15109CDF7}.Release|x86.ActiveCfg = Release|Win32
		{6115CF39-5553-477B-9640-B4C15109CDF7}.Release|x86.Build.0 = Release|Win32
		{5070A178-75E2-4BE1-A728-581C4764ABA9}.Debug|x64.ActiveCfg = Debug|x64
		{5070A178-75E2-4BE1-A728-581C4764ABA9}.Debug|x64.Build.0 = Debug|x64
		{5070A178-75E2-4BE1-A728-581C4764ABA9}.Debug|x86.ActiveCfg = Debug|Win32
		{5070A178-75E2-4BE1-A728-581C4764ABA9}.Debug|x86.Build.0 = Debug|Win32
		{5070A178-75E2-4BE1-A728-581C4764ABA9}.Release|x64.ActiveCfg = Release|x64
		{5070A178-75E2-4BE1-A728-581C4764ABA9}.Release|x64.Build.0 = Release|x64
		{5070A178-75E2-4BE1-A728-581C4764ABA9}.Release|x86.ActiveCfg = Release|Win32
		{5070A178-75E2-4BE1-A728-581C4764ABA9}.Release|x86.Build.0 = Release|Win32
		{40DB0D79-0380-496C-AA33-7E24023ED3D5}.Debug|x64.ActiveCfg = Debug|x64
		{40DB0D79-0380-496C-AA33-7E24023ED3D5}.Debug|x64.Build.0 = Debug|x64
		{40DB0D79-0380-496C-AA33-7E24023ED3D5}.Debug|x86.ActiveCfg = Debug|Win32
		{40DB0D79-0380-496C-AA33-7E24023ED3D5}.Debug|x86.Build.0 = Debug|Win32
		{40DB0D79-0380-496C-AA33-7E24023ED3D5}.Release|x64.ActiveCfg = Release|x64
		{40DB0D79-0380-496C-AA33-7E24023ED3D5}.Release|x64.Build.0 = Release|x64
		{40DB0D79-0380-496C-AA33-7E24023ED3D5}.Release|x86.ActiveCfg = Release|Win32
		{40DB0D79-0380-496C-AA33-7E24023ED3D5}.Release|x86.Build.0 = Release|Win32
		{95DD0E6F-C4E2-405E-A320-C696E264FC1D}.Debug|x64.ActiveCfg = Debug|x64
		{95DD0E6F-C4E2-405E-A320-C696E264FC1D}.Debug|x64.Build.0 = Debug|x64
		{95DD0E6F-C4E2-405E-A320-C696E264FC1D}.Debug|x86.ActiveCfg = Debug|Win32
		{95DD0E6F-C4E2-405E-A320-C696E264FC1D}.Debug|x86.Build.0 = Debug|Win32
		{95DD0E6F-C4E2-405E-A320-C696E264FC1D}.Release|x64.ActiveCfg = Release|x64
		{95DD0E6F-C4E2-405E-A320-C696E264FC1D}.Release|x64.Build.0 = Release|x64
		{95DD0E6F-C4E2-405E-A320-C696E264FC1D}.Release|x86.ActiveCfg = Release|Win32
		{95DD0E6F-C4E2-405E-A320-C696E264FC1D}.Release|x86.Build.0 = Release|Win32
		{A4FB21DC-7778-440A-89FC-687FED8A800A}.Debug|x64.ActiveCfg = Debug|x64
		{A4FB21DC-7778-440A-89FC-687FED8A800A}.Debug|x64.Build.0 = Debug|x64
		{A4FB21DC-7778-440A-89FC-687FED8A800A}.Debug|x86.ActiveCfg = Debug|Win32
		{A4FB21DC-7778-440A-89FC-687FED8A800A}.Debug|x86.Build.0 = Debug|Win32
		{A4FB21DC-7778-440A-89FC-687FED8A800A}.Release|x64.ActiveCfg = Release|x64
		{A4FB21DC-7778-440A-89FC-687FED8A800A}.Release|x64.Build.0 = Release|x64
		{A4FB21DC-7778-440A-89FC-687FED8A800A}.Release|x86.ActiveCfg = Release|Win32
		{A4FB21DC-7778-440A-89FC-687FED8A800A}.Release|x86.Build.0 = Release|Win32
		{465C14AF-D594-4432-A482-DDA18BF07895}.Debug|x64.ActiveCfg = Debug|x64
		{465C14AF-D594-4432-A482-DDA18BF07895}.Debug|x64.Build.0 = Debug|x64
		{465C14AF-D594-4432-A482-DDA18BF07895}.Debug|x86.ActiveCfg = Debug|Win32
		{465C14AF-D594-4432-A482-DDA18BF07895}.Debug|x86.Build.0 = Debug|Win32
		{465C14AF-D594-4432-A482-DDA18BF07895}.Release|x64.ActiveCfg = Release|x64
		{465C14AF-D594-4432-A482-DDA18BF07895}.Release|x64.Build.0 = Release|x64
		{465C14AF-D594-4432-A482-DDA18BF07895}.Release|x86.ActiveCfg = Release|Win32
		{465C14AF-D594-4432-A482-DDA18BF07895}.Release|x86.Build.0 = Release|Win32
		{D5ECC004-AB12-4D02-BFF9-C8739D8CE297}.Debug|x64.ActiveCfg = Debug|x64
		{D5ECC004-AB12-4D02-BFF9-C8739D8CE297}.Debug|x64.Build.0 = Debug|x64
		{D5ECC004-AB12-4D02-BFF9-C8739D8CE297}.Debug|x86.ActiveCfg = Debug|Win32
		{D5ECC004-AB12-4D02-BFF9-C8739D8CE297}.Debug|x86.Build.0 = Debug|Win32
		{D5ECC004-AB12-4D02-BFF9-C8739D8CE297}.Release|x64.ActiveCfg = Release|x64
		{D5ECC004-AB12-4D02-BFF9-C8739D8CE297}.Release|x64.Build.0 = Release|x64
		{D5ECC004-AB12-4D02-BFF9-C8739D8CE297}.Release|x86.ActiveCfg = Release|Win32
		{D5ECC004-AB12-4D02-BFF9-C8739D8CE297}.Release|x86.Build.0 = Release|Win32
	EndGlobalSection
	GlobalSection(SolutionProperties) = preSolution
		HideSolutionNode = FALSE
	EndGlobalSection
	GlobalSection(ExtensibilityGlobals) = postSolution
		SolutionGuid = {084C6DD5-647E-4E4B-843B-E3AA16E55598}
	EndGlobalSection
EndGlobal
