<?xml version="1.0" encoding="utf-8"?>
<Project ToolsVersion="4.0" xmlns="http://schemas.microsoft.com/developer/msbuild/2003">
  <ItemGroup>
    <ClCompile Include="Main.cpp" />
  </ItemGroup>
  <ItemGroup>
    <Filter Include="shader">
      <UniqueIdentifier>{ae6ed4dc-8eba-4dd7-b69f-31b98d6d1273}</UniqueIdentifier>
    </Filter>
  </ItemGroup>
</Project>